// !$*UTF8*$!
{
	archiveVersion = 1;
	classes = {
	};
	objectVersion = 56;
	objects = {

/* Begin PBXBuildFile section */
		7F6FB3812C69E8CB00A90B03 /* AuthManager.swift in Sources */ = {isa = PBXBuildFile; fileRef = 7F6FB3802C69E8CB00A90B03 /* AuthManager.swift */; };
		7F6FB3832C69E8E100A90B03 /* RealTimeManager.swift in Sources */ = {isa = PBXBuildFile; fileRef = 7F6FB3822C69E8E100A90B03 /* RealTimeManager.swift */; };
		7F6FB3852C69EEB600A90B03 /* ViewControllerSingleWorkout.swift in Sources */ = {isa = PBXBuildFile; fileRef = 7F6FB3842C69EEB600A90B03 /* ViewControllerSingleWorkout.swift */; };
		7F6FB3872C69F70500A90B03 /* CustomExerciseInViewWorkoutCell.swift in Sources */ = {isa = PBXBuildFile; fileRef = 7F6FB3862C69F70500A90B03 /* CustomExerciseInViewWorkoutCell.swift */; };
		D406F1312C68BB010031F0BA /* FirebaseAuth in Frameworks */ = {isa = PBXBuildFile; productRef = D406F1302C68BB010031F0BA /* FirebaseAuth */; };
		D406F1332C68BB330031F0BA /* FirebaseDatabase in Frameworks */ = {isa = PBXBuildFile; productRef = D406F1322C68BB330031F0BA /* FirebaseDatabase */; };
		D406F1372C68CCF50031F0BA /* GoogleService-Info.plist in Resources */ = {isa = PBXBuildFile; fileRef = D406F1362C68CCF50031F0BA /* GoogleService-Info.plist */; };
		D406F13A2C68CED80031F0BA /* ViewControllerLogin.swift in Sources */ = {isa = PBXBuildFile; fileRef = D406F1392C68CED80031F0BA /* ViewControllerLogin.swift */; };
		D406F13C2C68D0A60031F0BA /* ViewControllerWorkouts.swift in Sources */ = {isa = PBXBuildFile; fileRef = D406F13B2C68D0A60031F0BA /* ViewControllerWorkouts.swift */; };
		D406F13F2C6902E30031F0BA /* UIViewControllerExtention.swift in Sources */ = {isa = PBXBuildFile; fileRef = D406F13E2C6902E30031F0BA /* UIViewControllerExtention.swift */; };
		D406F1432C6905740031F0BA /* CustomWorkoutsTableViewCell.swift in Sources */ = {isa = PBXBuildFile; fileRef = D406F1422C6905740031F0BA /* CustomWorkoutsTableViewCell.swift */; };
		D406F1452C690DC40031F0BA /* ViewControllerCreateWorkout.swift in Sources */ = {isa = PBXBuildFile; fileRef = D406F1442C690DC40031F0BA /* ViewControllerCreateWorkout.swift */; };
		D406F1472C6912760031F0BA /* ViewControllerAddExercise.swift in Sources */ = {isa = PBXBuildFile; fileRef = D406F1462C6912760031F0BA /* ViewControllerAddExercise.swift */; };
		D406F1492C6916CF0031F0BA /* CostomExercisesTableViewCell.swift in Sources */ = {isa = PBXBuildFile; fileRef = D406F1482C6916CF0031F0BA /* CostomExercisesTableViewCell.swift */; };
		D4CC15182C68AAF100AB1326 /* AppDelegate.swift in Sources */ = {isa = PBXBuildFile; fileRef = D4CC15172C68AAF100AB1326 /* AppDelegate.swift */; };
		D4CC151A2C68AAF100AB1326 /* SceneDelegate.swift in Sources */ = {isa = PBXBuildFile; fileRef = D4CC15192C68AAF100AB1326 /* SceneDelegate.swift */; };
		D4CC151C2C68AAF100AB1326 /* ViewControllerRegister.swift in Sources */ = {isa = PBXBuildFile; fileRef = D4CC151B2C68AAF100AB1326 /* ViewControllerRegister.swift */; };
		D4CC151F2C68AAF100AB1326 /* Base in Resources */ = {isa = PBXBuildFile; fileRef = D4CC151E2C68AAF100AB1326 /* Base */; };
		D4CC15212C68AAF200AB1326 /* Assets.xcassets in Resources */ = {isa = PBXBuildFile; fileRef = D4CC15202C68AAF200AB1326 /* Assets.xcassets */; };
		D4CC15242C68AAF200AB1326 /* Base in Resources */ = {isa = PBXBuildFile; fileRef = D4CC15232C68AAF200AB1326 /* Base */; };
		D4CC152D2C68B1AA00AB1326 /* User.swift in Sources */ = {isa = PBXBuildFile; fileRef = D4CC152C2C68B1AA00AB1326 /* User.swift */; };
		D4CC152F2C68B23D00AB1326 /* Exercise.swift in Sources */ = {isa = PBXBuildFile; fileRef = D4CC152E2C68B23D00AB1326 /* Exercise.swift */; };
		D4CC15312C68B2D100AB1326 /* Workout.swift in Sources */ = {isa = PBXBuildFile; fileRef = D4CC15302C68B2D100AB1326 /* Workout.swift */; };
/* End PBXBuildFile section */

/* Begin PBXFileReference section */
		7F6FB3802C69E8CB00A90B03 /* AuthManager.swift */ = {isa = PBXFileReference; lastKnownFileType = sourcecode.swift; path = AuthManager.swift; sourceTree = "<group>"; };
		7F6FB3822C69E8E100A90B03 /* RealTimeManager.swift */ = {isa = PBXFileReference; lastKnownFileType = sourcecode.swift; path = RealTimeManager.swift; sourceTree = "<group>"; };
		7F6FB3842C69EEB600A90B03 /* ViewControllerSingleWorkout.swift */ = {isa = PBXFileReference; lastKnownFileType = sourcecode.swift; path = ViewControllerSingleWorkout.swift; sourceTree = "<group>"; };
		7F6FB3862C69F70500A90B03 /* CustomExerciseInViewWorkoutCell.swift */ = {isa = PBXFileReference; lastKnownFileType = sourcecode.swift; path = CustomExerciseInViewWorkoutCell.swift; sourceTree = "<group>"; };
		D406F1362C68CCF50031F0BA /* GoogleService-Info.plist */ = {isa = PBXFileReference; fileEncoding = 4; lastKnownFileType = text.plist.xml; path = "GoogleService-Info.plist"; sourceTree = "<group>"; };
		D406F1392C68CED80031F0BA /* ViewControllerLogin.swift */ = {isa = PBXFileReference; lastKnownFileType = sourcecode.swift; path = ViewControllerLogin.swift; sourceTree = "<group>"; };
		D406F13B2C68D0A60031F0BA /* ViewControllerWorkouts.swift */ = {isa = PBXFileReference; lastKnownFileType = sourcecode.swift; path = ViewControllerWorkouts.swift; sourceTree = "<group>"; };
		D406F13E2C6902E30031F0BA /* UIViewControllerExtention.swift */ = {isa = PBXFileReference; lastKnownFileType = sourcecode.swift; path = UIViewControllerExtention.swift; sourceTree = "<group>"; };
		D406F1422C6905740031F0BA /* CustomWorkoutsTableViewCell.swift */ = {isa = PBXFileReference; lastKnownFileType = sourcecode.swift; path = CustomWorkoutsTableViewCell.swift; sourceTree = "<group>"; };
		D406F1442C690DC40031F0BA /* ViewControllerCreateWorkout.swift */ = {isa = PBXFileReference; lastKnownFileType = sourcecode.swift; path = ViewControllerCreateWorkout.swift; sourceTree = "<group>"; };
		D406F1462C6912760031F0BA /* ViewControllerAddExercise.swift */ = {isa = PBXFileReference; lastKnownFileType = sourcecode.swift; path = ViewControllerAddExercise.swift; sourceTree = "<group>"; };
		D406F1482C6916CF0031F0BA /* CostomExercisesTableViewCell.swift */ = {isa = PBXFileReference; lastKnownFileType = sourcecode.swift; path = CostomExercisesTableViewCell.swift; sourceTree = "<group>"; };
		D4CC15142C68AAF100AB1326 /* GymTimer.app */ = {isa = PBXFileReference; explicitFileType = wrapper.application; includeInIndex = 0; path = GymTimer.app; sourceTree = BUILT_PRODUCTS_DIR; };
		D4CC15172C68AAF100AB1326 /* AppDelegate.swift */ = {isa = PBXFileReference; lastKnownFileType = sourcecode.swift; path = AppDelegate.swift; sourceTree = "<group>"; };
		D4CC15192C68AAF100AB1326 /* SceneDelegate.swift */ = {isa = PBXFileReference; lastKnownFileType = sourcecode.swift; path = SceneDelegate.swift; sourceTree = "<group>"; };
		D4CC151B2C68AAF100AB1326 /* ViewControllerRegister.swift */ = {isa = PBXFileReference; lastKnownFileType = sourcecode.swift; path = ViewControllerRegister.swift; sourceTree = "<group>"; };
		D4CC151E2C68AAF100AB1326 /* Base */ = {isa = PBXFileReference; lastKnownFileType = file.storyboard; name = Base; path = Base.lproj/Main.storyboard; sourceTree = "<group>"; };
		D4CC15202C68AAF200AB1326 /* Assets.xcassets */ = {isa = PBXFileReference; lastKnownFileType = folder.assetcatalog; path = Assets.xcassets; sourceTree = "<group>"; };
		D4CC15232C68AAF200AB1326 /* Base */ = {isa = PBXFileReference; lastKnownFileType = file.storyboard; name = Base; path = Base.lproj/LaunchScreen.storyboard; sourceTree = "<group>"; };
		D4CC15252C68AAF200AB1326 /* Info.plist */ = {isa = PBXFileReference; lastKnownFileType = text.plist.xml; path = Info.plist; sourceTree = "<group>"; };
		D4CC152C2C68B1AA00AB1326 /* User.swift */ = {isa = PBXFileReference; lastKnownFileType = sourcecode.swift; path = User.swift; sourceTree = "<group>"; };
		D4CC152E2C68B23D00AB1326 /* Exercise.swift */ = {isa = PBXFileReference; lastKnownFileType = sourcecode.swift; path = Exercise.swift; sourceTree = "<group>"; };
		D4CC15302C68B2D100AB1326 /* Workout.swift */ = {isa = PBXFileReference; lastKnownFileType = sourcecode.swift; path = Workout.swift; sourceTree = "<group>"; };
/* End PBXFileReference section */

/* Begin PBXFrameworksBuildPhase section */
		D4CC15112C68AAF100AB1326 /* Frameworks */ = {
			isa = PBXFrameworksBuildPhase;
			buildActionMask = 2147483647;
			files = (
				D406F1332C68BB330031F0BA /* FirebaseDatabase in Frameworks */,
				D406F1312C68BB010031F0BA /* FirebaseAuth in Frameworks */,
			);
			runOnlyForDeploymentPostprocessing = 0;
		};
/* End PBXFrameworksBuildPhase section */

/* Begin PBXGroup section */
		7F6FB37F2C69E8A600A90B03 /* Data */ = {
			isa = PBXGroup;
			children = (
				7F6FB3802C69E8CB00A90B03 /* AuthManager.swift */,
				7F6FB3822C69E8E100A90B03 /* RealTimeManager.swift */,
			);
			path = Data;
			sourceTree = "<group>";
		};
		D406F1382C68CE8D0031F0BA /* ViewControllers */ = {
			isa = PBXGroup;
			children = (
				D4CC151B2C68AAF100AB1326 /* ViewControllerRegister.swift */,
				D406F1392C68CED80031F0BA /* ViewControllerLogin.swift */,
				D406F13B2C68D0A60031F0BA /* ViewControllerWorkouts.swift */,
				D406F1442C690DC40031F0BA /* ViewControllerCreateWorkout.swift */,
				D406F1462C6912760031F0BA /* ViewControllerAddExercise.swift */,
				7F6FB3842C69EEB600A90B03 /* ViewControllerSingleWorkout.swift */,
			);
			path = ViewControllers;
			sourceTree = "<group>";
		};
		D406F13D2C6902C00031F0BA /* Extentions */ = {
			isa = PBXGroup;
			children = (
				D406F13E2C6902E30031F0BA /* UIViewControllerExtention.swift */,
			);
			path = Extentions;
			sourceTree = "<group>";
		};
		D406F1402C6905450031F0BA /* Lists */ = {
			isa = PBXGroup;
			children = (
				D406F1482C6916CF0031F0BA /* CostomExercisesTableViewCell.swift */,
				D406F1422C6905740031F0BA /* CustomWorkoutsTableViewCell.swift */,
				7F6FB3862C69F70500A90B03 /* CustomExerciseInViewWorkoutCell.swift */,
			);
			path = Lists;
			sourceTree = "<group>";
		};
		D4CC150B2C68AAF100AB1326 = {
			isa = PBXGroup;
			children = (
				D4CC15162C68AAF100AB1326 /* GymTimer */,
				D4CC15152C68AAF100AB1326 /* Products */,
				D4CC15352C68BA3D00AB1326 /* Frameworks */,
			);
			sourceTree = "<group>";
		};
		D4CC15152C68AAF100AB1326 /* Products */ = {
			isa = PBXGroup;
			children = (
				D4CC15142C68AAF100AB1326 /* GymTimer.app */,
			);
			name = Products;
			sourceTree = "<group>";
		};
		D4CC15162C68AAF100AB1326 /* GymTimer */ = {
			isa = PBXGroup;
			children = (
				7F6FB37F2C69E8A600A90B03 /* Data */,
				D406F1402C6905450031F0BA /* Lists */,
				D406F13D2C6902C00031F0BA /* Extentions */,
				D406F1382C68CE8D0031F0BA /* ViewControllers */,
				D4CC152B2C68B19B00AB1326 /* Model */,
				D4CC15172C68AAF100AB1326 /* AppDelegate.swift */,
				D4CC15192C68AAF100AB1326 /* SceneDelegate.swift */,
				D4CC151D2C68AAF100AB1326 /* Main.storyboard */,
				D406F1362C68CCF50031F0BA /* GoogleService-Info.plist */,
				D4CC15202C68AAF200AB1326 /* Assets.xcassets */,
				D4CC15222C68AAF200AB1326 /* LaunchScreen.storyboard */,
				D4CC15252C68AAF200AB1326 /* Info.plist */,
			);
			path = GymTimer;
			sourceTree = "<group>";
		};
		D4CC152B2C68B19B00AB1326 /* Model */ = {
			isa = PBXGroup;
			children = (
				D4CC152C2C68B1AA00AB1326 /* User.swift */,
				D4CC152E2C68B23D00AB1326 /* Exercise.swift */,
				D4CC15302C68B2D100AB1326 /* Workout.swift */,
			);
			path = Model;
			sourceTree = "<group>";
		};
		D4CC15352C68BA3D00AB1326 /* Frameworks */ = {
			isa = PBXGroup;
			children = (
			);
			name = Frameworks;
			sourceTree = "<group>";
		};
/* End PBXGroup section */

/* Begin PBXNativeTarget section */
		D4CC15132C68AAF100AB1326 /* GymTimer */ = {
			isa = PBXNativeTarget;
			buildConfigurationList = D4CC15282C68AAF200AB1326 /* Build configuration list for PBXNativeTarget "GymTimer" */;
			buildPhases = (
				D4CC15102C68AAF100AB1326 /* Sources */,
				D4CC15112C68AAF100AB1326 /* Frameworks */,
				D4CC15122C68AAF100AB1326 /* Resources */,
			);
			buildRules = (
			);
			dependencies = (
			);
			name = GymTimer;
			packageProductDependencies = (
				D406F1302C68BB010031F0BA /* FirebaseAuth */,
				D406F1322C68BB330031F0BA /* FirebaseDatabase */,
			);
			productName = GymTimer;
			productReference = D4CC15142C68AAF100AB1326 /* GymTimer.app */;
			productType = "com.apple.product-type.application";
		};
/* End PBXNativeTarget section */

/* Begin PBXProject section */
		D4CC150C2C68AAF100AB1326 /* Project object */ = {
			isa = PBXProject;
			attributes = {
				BuildIndependentTargetsInParallel = 1;
				LastSwiftUpdateCheck = 1540;
				LastUpgradeCheck = 1540;
				TargetAttributes = {
					D4CC15132C68AAF100AB1326 = {
						CreatedOnToolsVersion = 15.4;
					};
				};
			};
			buildConfigurationList = D4CC150F2C68AAF100AB1326 /* Build configuration list for PBXProject "GymTimer" */;
			compatibilityVersion = "Xcode 14.0";
			developmentRegion = en;
			hasScannedForEncodings = 0;
			knownRegions = (
				en,
				Base,
			);
			mainGroup = D4CC150B2C68AAF100AB1326;
			packageReferences = (
				D4CC15342C68B81800AB1326 /* XCRemoteSwiftPackageReference "firebase-ios-sdk" */,
			);
			productRefGroup = D4CC15152C68AAF100AB1326 /* Products */;
			projectDirPath = "";
			projectRoot = "";
			targets = (
				D4CC15132C68AAF100AB1326 /* GymTimer */,
			);
		};
/* End PBXProject section */

/* Begin PBXResourcesBuildPhase section */
		D4CC15122C68AAF100AB1326 /* Resources */ = {
			isa = PBXResourcesBuildPhase;
			buildActionMask = 2147483647;
			files = (
				D4CC15212C68AAF200AB1326 /* Assets.xcassets in Resources */,
				D406F1372C68CCF50031F0BA /* GoogleService-Info.plist in Resources */,
				D4CC15242C68AAF200AB1326 /* Base in Resources */,
				D4CC151F2C68AAF100AB1326 /* Base in Resources */,
			);
			runOnlyForDeploymentPostprocessing = 0;
		};
/* End PBXResourcesBuildPhase section */

/* Begin PBXSourcesBuildPhase section */
		D4CC15102C68AAF100AB1326 /* Sources */ = {
			isa = PBXSourcesBuildPhase;
			buildActionMask = 2147483647;
			files = (
				D4CC152F2C68B23D00AB1326 /* Exercise.swift in Sources */,
				7F6FB3812C69E8CB00A90B03 /* AuthManager.swift in Sources */,
				D4CC152D2C68B1AA00AB1326 /* User.swift in Sources */,
				D406F1432C6905740031F0BA /* CustomWorkoutsTableViewCell.swift in Sources */,
				D4CC151C2C68AAF100AB1326 /* ViewControllerRegister.swift in Sources */,
				D406F13A2C68CED80031F0BA /* ViewControllerLogin.swift in Sources */,
				D406F13C2C68D0A60031F0BA /* ViewControllerWorkouts.swift in Sources */,
				D4CC15182C68AAF100AB1326 /* AppDelegate.swift in Sources */,
				7F6FB3852C69EEB600A90B03 /* ViewControllerSingleWorkout.swift in Sources */,
				D4CC151A2C68AAF100AB1326 /* SceneDelegate.swift in Sources */,
				D4CC15312C68B2D100AB1326 /* Workout.swift in Sources */,
				7F6FB3872C69F70500A90B03 /* CustomExerciseInViewWorkoutCell.swift in Sources */,
				7F6FB3832C69E8E100A90B03 /* RealTimeManager.swift in Sources */,
				D406F1492C6916CF0031F0BA /* CostomExercisesTableViewCell.swift in Sources */,
				D406F13F2C6902E30031F0BA /* UIViewControllerExtention.swift in Sources */,
				D406F1472C6912760031F0BA /* ViewControllerAddExercise.swift in Sources */,
				D406F1452C690DC40031F0BA /* ViewControllerCreateWorkout.swift in Sources */,
			);
			runOnlyForDeploymentPostprocessing = 0;
		};
/* End PBXSourcesBuildPhase section */

/* Begin PBXVariantGroup section */
		D4CC151D2C68AAF100AB1326 /* Main.storyboard */ = {
			isa = PBXVariantGroup;
			children = (
				D4CC151E2C68AAF100AB1326 /* Base */,
			);
			name = Main.storyboard;
			sourceTree = "<group>";
		};
		D4CC15222C68AAF200AB1326 /* LaunchScreen.storyboard */ = {
			isa = PBXVariantGroup;
			children = (
				D4CC15232C68AAF200AB1326 /* Base */,
			);
			name = LaunchScreen.storyboard;
			sourceTree = "<group>";
		};
/* End PBXVariantGroup section */

/* Begin XCBuildConfiguration section */
		D4CC15262C68AAF200AB1326 /* Debug */ = {
			isa = XCBuildConfiguration;
			buildSettings = {
				ALWAYS_SEARCH_USER_PATHS = NO;
				ASSETCATALOG_COMPILER_GENERATE_SWIFT_ASSET_SYMBOL_EXTENSIONS = YES;
				CLANG_ANALYZER_NONNULL = YES;
				CLANG_ANALYZER_NUMBER_OBJECT_CONVERSION = YES_AGGRESSIVE;
				CLANG_CXX_LANGUAGE_STANDARD = "gnu++20";
				CLANG_ENABLE_MODULES = YES;
				CLANG_ENABLE_OBJC_ARC = YES;
				CLANG_ENABLE_OBJC_WEAK = YES;
				CLANG_WARN_BLOCK_CAPTURE_AUTORELEASING = YES;
				CLANG_WARN_BOOL_CONVERSION = YES;
				CLANG_WARN_COMMA = YES;
				CLANG_WARN_CONSTANT_CONVERSION = YES;
				CLANG_WARN_DEPRECATED_OBJC_IMPLEMENTATIONS = YES;
				CLANG_WARN_DIRECT_OBJC_ISA_USAGE = YES_ERROR;
				CLANG_WARN_DOCUMENTATION_COMMENTS = YES;
				CLANG_WARN_EMPTY_BODY = YES;
				CLANG_WARN_ENUM_CONVERSION = YES;
				CLANG_WARN_INFINITE_RECURSION = YES;
				CLANG_WARN_INT_CONVERSION = YES;
				CLANG_WARN_NON_LITERAL_NULL_CONVERSION = YES;
				CLANG_WARN_OBJC_IMPLICIT_RETAIN_SELF = YES;
				CLANG_WARN_OBJC_LITERAL_CONVERSION = YES;
				CLANG_WARN_OBJC_ROOT_CLASS = YES_ERROR;
				CLANG_WARN_QUOTED_INCLUDE_IN_FRAMEWORK_HEADER = YES;
				CLANG_WARN_RANGE_LOOP_ANALYSIS = YES;
				CLANG_WARN_STRICT_PROTOTYPES = YES;
				CLANG_WARN_SUSPICIOUS_MOVE = YES;
				CLANG_WARN_UNGUARDED_AVAILABILITY = YES_AGGRESSIVE;
				CLANG_WARN_UNREACHABLE_CODE = YES;
				CLANG_WARN__DUPLICATE_METHOD_MATCH = YES;
				COPY_PHASE_STRIP = NO;
				DEBUG_INFORMATION_FORMAT = dwarf;
				ENABLE_STRICT_OBJC_MSGSEND = YES;
				ENABLE_TESTABILITY = YES;
				ENABLE_USER_SCRIPT_SANDBOXING = YES;
				GCC_C_LANGUAGE_STANDARD = gnu17;
				GCC_DYNAMIC_NO_PIC = NO;
				GCC_NO_COMMON_BLOCKS = YES;
				GCC_OPTIMIZATION_LEVEL = 0;
				GCC_PREPROCESSOR_DEFINITIONS = (
					"DEBUG=1",
					"$(inherited)",
				);
				GCC_WARN_64_TO_32_BIT_CONVERSION = YES;
				GCC_WARN_ABOUT_RETURN_TYPE = YES_ERROR;
				GCC_WARN_UNDECLARED_SELECTOR = YES;
				GCC_WARN_UNINITIALIZED_AUTOS = YES_AGGRESSIVE;
				GCC_WARN_UNUSED_FUNCTION = YES;
				GCC_WARN_UNUSED_VARIABLE = YES;
				IPHONEOS_DEPLOYMENT_TARGET = 17.5;
				LOCALIZATION_PREFERS_STRING_CATALOGS = YES;
				MTL_ENABLE_DEBUG_INFO = INCLUDE_SOURCE;
				MTL_FAST_MATH = YES;
				ONLY_ACTIVE_ARCH = YES;
				SDKROOT = iphoneos;
				SWIFT_ACTIVE_COMPILATION_CONDITIONS = "DEBUG $(inherited)";
				SWIFT_OPTIMIZATION_LEVEL = "-Onone";
			};
			name = Debug;
		};
		D4CC15272C68AAF200AB1326 /* Release */ = {
			isa = XCBuildConfiguration;
			buildSettings = {
				ALWAYS_SEARCH_USER_PATHS = NO;
				ASSETCATALOG_COMPILER_GENERATE_SWIFT_ASSET_SYMBOL_EXTENSIONS = YES;
				CLANG_ANALYZER_NONNULL = YES;
				CLANG_ANALYZER_NUMBER_OBJECT_CONVERSION = YES_AGGRESSIVE;
				CLANG_CXX_LANGUAGE_STANDARD = "gnu++20";
				CLANG_ENABLE_MODULES = YES;
				CLANG_ENABLE_OBJC_ARC = YES;
				CLANG_ENABLE_OBJC_WEAK = YES;
				CLANG_WARN_BLOCK_CAPTURE_AUTORELEASING = YES;
				CLANG_WARN_BOOL_CONVERSION = YES;
				CLANG_WARN_COMMA = YES;
				CLANG_WARN_CONSTANT_CONVERSION = YES;
				CLANG_WARN_DEPRECATED_OBJC_IMPLEMENTATIONS = YES;
				CLANG_WARN_DIRECT_OBJC_ISA_USAGE = YES_ERROR;
				CLANG_WARN_DOCUMENTATION_COMMENTS = YES;
				CLANG_WARN_EMPTY_BODY = YES;
				CLANG_WARN_ENUM_CONVERSION = YES;
				CLANG_WARN_INFINITE_RECURSION = YES;
				CLANG_WARN_INT_CONVERSION = YES;
				CLANG_WARN_NON_LITERAL_NULL_CONVERSION = YES;
				CLANG_WARN_OBJC_IMPLICIT_RETAIN_SELF = YES;
				CLANG_WARN_OBJC_LITERAL_CONVERSION = YES;
				CLANG_WARN_OBJC_ROOT_CLASS = YES_ERROR;
				CLANG_WARN_QUOTED_INCLUDE_IN_FRAMEWORK_HEADER = YES;
				CLANG_WARN_RANGE_LOOP_ANALYSIS = YES;
				CLANG_WARN_STRICT_PROTOTYPES = YES;
				CLANG_WARN_SUSPICIOUS_MOVE = YES;
				CLANG_WARN_UNGUARDED_AVAILABILITY = YES_AGGRESSIVE;
				CLANG_WARN_UNREACHABLE_CODE = YES;
				CLANG_WARN__DUPLICATE_METHOD_MATCH = YES;
				COPY_PHASE_STRIP = NO;
				DEBUG_INFORMATION_FORMAT = "dwarf-with-dsym";
				ENABLE_NS_ASSERTIONS = NO;
				ENABLE_STRICT_OBJC_MSGSEND = YES;
				ENABLE_USER_SCRIPT_SANDBOXING = YES;
				GCC_C_LANGUAGE_STANDARD = gnu17;
				GCC_NO_COMMON_BLOCKS = YES;
				GCC_WARN_64_TO_32_BIT_CONVERSION = YES;
				GCC_WARN_ABOUT_RETURN_TYPE = YES_ERROR;
				GCC_WARN_UNDECLARED_SELECTOR = YES;
				GCC_WARN_UNINITIALIZED_AUTOS = YES_AGGRESSIVE;
				GCC_WARN_UNUSED_FUNCTION = YES;
				GCC_WARN_UNUSED_VARIABLE = YES;
				IPHONEOS_DEPLOYMENT_TARGET = 17.5;
				LOCALIZATION_PREFERS_STRING_CATALOGS = YES;
				MTL_ENABLE_DEBUG_INFO = NO;
				MTL_FAST_MATH = YES;
				SDKROOT = iphoneos;
				SWIFT_COMPILATION_MODE = wholemodule;
				VALIDATE_PRODUCT = YES;
			};
			name = Release;
		};
		D4CC15292C68AAF200AB1326 /* Debug */ = {
			isa = XCBuildConfiguration;
			buildSettings = {
				ASSETCATALOG_COMPILER_APPICON_NAME = AppIcon;
				ASSETCATALOG_COMPILER_GLOBAL_ACCENT_COLOR_NAME = AccentColor;
				CODE_SIGN_STYLE = Automatic;
				CURRENT_PROJECT_VERSION = 1;
				DEVELOPMENT_TEAM = "";
				GENERATE_INFOPLIST_FILE = YES;
				INFOPLIST_FILE = GymTimer/Info.plist;
				INFOPLIST_KEY_UIApplicationSupportsIndirectInputEvents = YES;
				INFOPLIST_KEY_UILaunchStoryboardName = LaunchScreen;
				INFOPLIST_KEY_UIMainStoryboardFile = Main;
				INFOPLIST_KEY_UISupportedInterfaceOrientations = UIInterfaceOrientationPortrait;
				LD_RUNPATH_SEARCH_PATHS = (
					"$(inherited)",
					"@executable_path/Frameworks",
				);
				MARKETING_VERSION = 1.0;
				PRODUCT_BUNDLE_IDENTIFIER = DBA.GymTimer;
				PRODUCT_NAME = "$(TARGET_NAME)";
				SWIFT_EMIT_LOC_STRINGS = YES;
				SWIFT_VERSION = 5.0;
				TARGETED_DEVICE_FAMILY = "1,2";
			};
			name = Debug;
		};
		D4CC152A2C68AAF200AB1326 /* Release */ = {
			isa = XCBuildConfiguration;
			buildSettings = {
				ASSETCATALOG_COMPILER_APPICON_NAME = AppIcon;
				ASSETCATALOG_COMPILER_GLOBAL_ACCENT_COLOR_NAME = AccentColor;
				CODE_SIGN_STYLE = Automatic;
				CURRENT_PROJECT_VERSION = 1;
				DEVELOPMENT_TEAM = "";
				GENERATE_INFOPLIST_FILE = YES;
				INFOPLIST_FILE = GymTimer/Info.plist;
				INFOPLIST_KEY_UIApplicationSupportsIndirectInputEvents = YES;
				INFOPLIST_KEY_UILaunchStoryboardName = LaunchScreen;
				INFOPLIST_KEY_UIMainStoryboardFile = Main;
				INFOPLIST_KEY_UISupportedInterfaceOrientations = UIInterfaceOrientationPortrait;
				LD_RUNPATH_SEARCH_PATHS = (
					"$(inherited)",
					"@executable_path/Frameworks",
				);
				MARKETING_VERSION = 1.0;
				PRODUCT_BUNDLE_IDENTIFIER = DBA.GymTimer;
				PRODUCT_NAME = "$(TARGET_NAME)";
				SWIFT_EMIT_LOC_STRINGS = YES;
				SWIFT_VERSION = 5.0;
				TARGETED_DEVICE_FAMILY = "1,2";
			};
			name = Release;
		};
/* End XCBuildConfiguration section */

/* Begin XCConfigurationList section */
		D4CC150F2C68AAF100AB1326 /* Build configuration list for PBXProject "GymTimer" */ = {
			isa = XCConfigurationList;
			buildConfigurations = (
				D4CC15262C68AAF200AB1326 /* Debug */,
				D4CC15272C68AAF200AB1326 /* Release */,
			);
			defaultConfigurationIsVisible = 0;
			defaultConfigurationName = Release;
		};
		D4CC15282C68AAF200AB1326 /* Build configuration list for PBXNativeTarget "GymTimer" */ = {
			isa = XCConfigurationList;
			buildConfigurations = (
				D4CC15292C68AAF200AB1326 /* Debug */,
				D4CC152A2C68AAF200AB1326 /* Release */,
			);
			defaultConfigurationIsVisible = 0;
			defaultConfigurationName = Release;
		};
/* End XCConfigurationList section */

/* Begin XCRemoteSwiftPackageReference section */
		D4CC15342C68B81800AB1326 /* XCRemoteSwiftPackageReference "firebase-ios-sdk" */ = {
			isa = XCRemoteSwiftPackageReference;
			repositoryURL = "https://github.com/firebase/firebase-ios-sdk";
			requirement = {
				kind = upToNextMajorVersion;
				minimumVersion = 11.0.0;
			};
		};
/* End XCRemoteSwiftPackageReference section */

/* Begin XCSwiftPackageProductDependency section */
		D406F1302C68BB010031F0BA /* FirebaseAuth */ = {
			isa = XCSwiftPackageProductDependency;
			package = D4CC15342C68B81800AB1326 /* XCRemoteSwiftPackageReference "firebase-ios-sdk" */;
			productName = FirebaseAuth;
		};
		D406F1322C68BB330031F0BA /* FirebaseDatabase */ = {
			isa = XCSwiftPackageProductDependency;
			package = D4CC15342C68B81800AB1326 /* XCRemoteSwiftPackageReference "firebase-ios-sdk" */;
			productName = FirebaseDatabase;
		};
/* End XCSwiftPackageProductDependency section */
	};
	rootObject = D4CC150C2C68AAF100AB1326 /* Project object */;
}
